
Microsoft Visual Studio Solution File, Format Version 12.00
# Visual Studio Version 17
VisualStudioVersion = 17.0.31903.59
MinimumVisualStudioVersion = 10.0.40219.1
Project("{2150E333-8FDC-42A3-9474-1A3956D46DE8}") = "src", "src", "{827E0CD3-B72D-47B6-A68D-7590B98EB39B}"
EndProject
Project("{FAE04EC0-301F-11D3-BF4B-00C04F79EFBC}") = "RetiSusun.Core", "src\RetiSusun.Core\RetiSusun.Core.csproj", "{65F85092-801C-4130-8501-5C75F9CF3439}"
EndProject
Project("{FAE04EC0-301F-11D3-BF4B-00C04F79EFBC}") = "RetiSusun.Data", "src\RetiSusun.Data\RetiSusun.Data.csproj", "{6958372E-95D4-4135-A86D-C45CB2DEE505}"
EndProject
Project("{FAE04EC0-301F-11D3-BF4B-00C04F79EFBC}") = "RetiSusun.ConsoleApp", "src\RetiSusun.ConsoleApp\RetiSusun.ConsoleApp.csproj", "{20078A33-C092-4634-B0A3-E74B60F6A4E3}"
EndProject
Project("{FAE04EC0-301F-11D3-BF4B-00C04F79EFBC}") = "RetiSusun.Desktop", "src\RetiSusun.Desktop\RetiSusun.Desktop.csproj", "{D7A8F91C-7E7E-434F-8DB5-2E7D6B74FA40}"
EndProject
Global
	GlobalSection(SolutionConfigurationPlatforms) = preSolution
		Debug|Any CPU = Debug|Any CPU
		Debug|x64 = Debug|x64
		Debug|x86 = Debug|x86
		Release|Any CPU = Release|Any CPU
		Release|x64 = Release|x64
		Release|x86 = Release|x86
	EndGlobalSection
	GlobalSection(ProjectConfigurationPlatforms) = postSolution
		{65F85092-801C-4130-8501-5C75F9CF3439}.Debug|Any CPU.ActiveCfg = Debug|Any CPU
		{65F85092-801C-4130-8501-5C75F9CF3439}.Debug|Any CPU.Build.0 = Debug|Any CPU
		{65F85092-801C-4130-8501-5C75F9CF3439}.Debug|x64.ActiveCfg = Debug|Any CPU
		{65F85092-801C-4130-8501-5C75F9CF3439}.Debug|x64.Build.0 = Debug|Any CPU
		{65F85092-801C-4130-8501-5C75F9CF3439}.Debug|x86.ActiveCfg = Debug|Any CPU
		{65F85092-801C-4130-8501-5C75F9CF3439}.Debug|x86.Build.0 = Debug|Any CPU
		{65F85092-801C-4130-8501-5C75F9CF3439}.Release|Any CPU.ActiveCfg = Release|Any CPU
		{65F85092-801C-4130-8501-5C75F9CF3439}.Release|Any CPU.Build.0 = Release|Any CPU
		{65F85092-801C-4130-8501-5C75F9CF3439}.Release|x64.ActiveCfg = Release|Any CPU
		{65F85092-801C-4130-8501-5C75F9CF3439}.Release|x64.Build.0 = Release|Any CPU
		{65F85092-801C-4130-8501-5C75F9CF3439}.Release|x86.ActiveCfg = Release|Any CPU
		{65F85092-801C-4130-8501-5C75F9CF3439}.Release|x86.Build.0 = Release|Any CPU
		{6958372E-95D4-4135-A86D-C45CB2DEE505}.Debug|Any CPU.ActiveCfg = Debug|Any CPU
		{6958372E-95D4-4135-A86D-C45CB2DEE505}.Debug|Any CPU.Build.0 = Debug|Any CPU
		{6958372E-95D4-4135-A86D-C45CB2DEE505}.Debug|x64.ActiveCfg = Debug|Any CPU
		{6958372E-95D4-4135-A86D-C45CB2DEE505}.Debug|x64.Build.0 = Debug|Any CPU
		{6958372E-95D4-4135-A86D-C45CB2DEE505}.Debug|x86.ActiveCfg = Debug|Any CPU
		{6958372E-95D4-4135-A86D-C45CB2DEE505}.Debug|x86.Build.0 = Debug|Any CPU
		{6958372E-95D4-4135-A86D-C45CB2DEE505}.Release|Any CPU.ActiveCfg = Release|Any CPU
		{6958372E-95D4-4135-A86D-C45CB2DEE505}.Release|Any CPU.Build.0 = Release|Any CPU
		{6958372E-95D4-4135-A86D-C45CB2DEE505}.Release|x64.ActiveCfg = Release|Any CPU
		{6958372E-95D4-4135-A86D-C45CB2DEE505}.Release|x64.Build.0 = Release|Any CPU
		{6958372E-95D4-4135-A86D-C45CB2DEE505}.Release|x86.ActiveCfg = Release|Any CPU
		{6958372E-95D4-4135-A86D-C45CB2DEE505}.Release|x86.Build.0 = Release|Any CPU
		{20078A33-C092-4634-B0A3-E74B60F6A4E3}.Debug|Any CPU.ActiveCfg = Debug|Any CPU
		{20078A33-C092-4634-B0A3-E74B60F6A4E3}.Debug|Any CPU.Build.0 = Debug|Any CPU
		{20078A33-C092-4634-B0A3-E74B60F6A4E3}.Debug|x64.ActiveCfg = Debug|Any CPU
		{20078A33-C092-4634-B0A3-E74B60F6A4E3}.Debug|x64.Build.0 = Debug|Any CPU
		{20078A33-C092-4634-B0A3-E74B60F6A4E3}.Debug|x86.ActiveCfg = Debug|Any CPU
		{20078A33-C092-4634-B0A3-E74B60F6A4E3}.Debug|x86.Build.0 = Debug|Any CPU
		{20078A33-C092-4634-B0A3-E74B60F6A4E3}.Release|Any CPU.ActiveCfg = Release|Any CPU
		{20078A33-C092-4634-B0A3-E74B60F6A4E3}.Release|Any CPU.Build.0 = Release|Any CPU
		{20078A33-C092-4634-B0A3-E74B60F6A4E3}.Release|x64.ActiveCfg = Release|Any CPU
		{20078A33-C092-4634-B0A3-E74B60F6A4E3}.Release|x64.Build.0 = Release|Any CPU
		{20078A33-C092-4634-B0A3-E74B60F6A4E3}.Release|x86.ActiveCfg = Release|Any CPU
		{20078A33-C092-4634-B0A3-E74B60F6A4E3}.Release|x86.Build.0 = Release|Any CPU
		{D7A8F91C-7E7E-434F-8DB5-2E7D6B74FA40}.Debug|Any CPU.ActiveCfg = Debug|Any CPU
		{D7A8F91C-7E7E-434F-8DB5-2E7D6B74FA40}.Debug|Any CPU.Build.0 = Debug|Any CPU
		{D7A8F91C-7E7E-434F-8DB5-2E7D6B74FA40}.Debug|x64.ActiveCfg = Debug|Any CPU
		{D7A8F91C-7E7E-434F-8DB5-2E7D6B74FA40}.Debug|x64.Build.0 = Debug|Any CPU
		{D7A8F91C-7E7E-434F-8DB5-2E7D6B74FA40}.Debug|x86.ActiveCfg = Debug|Any CPU
		{D7A8F91C-7E7E-434F-8DB5-2E7D6B74FA40}.Debug|x86.Build.0 = Debug|Any CPU
		{D7A8F91C-7E7E-434F-8DB5-2E7D6B74FA40}.Release|Any CPU.ActiveCfg = Release|Any CPU
		{D7A8F91C-7E7E-434F-8DB5-2E7D6B74FA40}.Release|Any CPU.Build.0 = Release|Any CPU
		{D7A8F91C-7E7E-434F-8DB5-2E7D6B74FA40}.Release|x64.ActiveCfg = Release|Any CPU
		{D7A8F91C-7E7E-434F-8DB5-2E7D6B74FA40}.Release|x64.Build.0 = Release|Any CPU
		{D7A8F91C-7E7E-434F-8DB5-2E7D6B74FA40}.Release|x86.ActiveCfg = Release|Any CPU
		{D7A8F91C-7E7E-434F-8DB5-2E7D6B74FA40}.Release|x86.Build.0 = Release|Any CPU
	EndGlobalSection
	GlobalSection(SolutionProperties) = preSolution
		HideSolutionNode = FALSE
	EndGlobalSection
	GlobalSection(NestedProjects) = preSolution
		{65F85092-801C-4130-8501-5C75F9CF3439} = {827E0CD3-B72D-47B6-A68D-7590B98EB39B}
		{6958372E-95D4-4135-A86D-C45CB2DEE505} = {827E0CD3-B72D-47B6-A68D-7590B98EB39B}
		{20078A33-C092-4634-B0A3-E74B60F6A4E3} = {827E0CD3-B72D-47B6-A68D-7590B98EB39B}
		{D7A8F91C-7E7E-434F-8DB5-2E7D6B74FA40} = {827E0CD3-B72D-47B6-A68D-7590B98EB39B}
	EndGlobalSection
EndGlobal
